
Microsoft Visual Studio Solution File, Format Version 12.00
# Visual Studio Version 16
VisualStudioVersion = 16.0.31205.134
MinimumVisualStudioVersion = 10.0.40219.1
Project("{FAE04EC0-301F-11D3-BF4B-00C04F79EFBC}") = "Fantastic_5", "Fantastic_5.csproj", "{97B5544C-7D86-48EF-99CC-F0EEB5586B33}"
EndProject
Global
	GlobalSection(SolutionConfigurationPlatforms) = preSolution
		Debug|Any CPU = Debug|Any CPU
		Release|Any CPU = Release|Any CPU
	EndGlobalSection
	GlobalSection(ProjectConfigurationPlatforms) = postSolution
		{97B5544C-7D86-48EF-99CC-F0EEB5586B33}.Debug|Any CPU.ActiveCfg = Debug|Any CPU
		{97B5544C-7D86-48EF-99CC-F0EEB5586B33}.Debug|Any CPU.Build.0 = Debug|Any CPU
		{97B5544C-7D86-48EF-99CC-F0EEB5586B33}.Release|Any CPU.ActiveCfg = Release|Any CPU
		{97B5544C-7D86-48EF-99CC-F0EEB5586B33}.Release|Any CPU.Build.0 = Release|Any CPU
	EndGlobalSection
	GlobalSection(SolutionProperties) = preSolution
		HideSolutionNode = FALSE
	EndGlobalSection
	GlobalSection(ExtensibilityGlobals) = postSolution
		SolutionGuid = {15FF4CF3-1F44-4942-A53A-3C288A58C375}
	EndGlobalSection
EndGlobal
